
Microsoft Visual Studio Solution File, Format Version 12.00
# Visual Studio Version 17
VisualStudioVersion = 17.2.32526.322
MinimumVisualStudioVersion = 10.0.40219.1
Project("{9A19103F-16F7-4668-BE54-9A1E7A4F7556}") = "AppConsole", "AppConsole\AppConsole.csproj", "{55376FE7-2109-4BF0-A803-3355D9BDEB3D}"
EndProject
Project("{9A19103F-16F7-4668-BE54-9A1E7A4F7556}") = "AppLibrary", "AppLibrary\AppLibrary.csproj", "{FF195CCA-1D39-412A-8362-90D079564E5D}"
EndProject
Global
	GlobalSection(SolutionConfigurationPlatforms) = preSolution
		Debug|Any CPU = Debug|Any CPU
		Release|Any CPU = Release|Any CPU
	EndGlobalSection
	GlobalSection(ProjectConfigurationPlatforms) = postSolution
		{55376FE7-2109-4BF0-A803-3355D9BDEB3D}.Debug|Any CPU.ActiveCfg = Debug|Any CPU
		{55376FE7-2109-4BF0-A803-3355D9BDEB3D}.Debug|Any CPU.Build.0 = Debug|Any CPU
		{55376FE7-2109-4BF0-A803-3355D9BDEB3D}.Release|Any CPU.ActiveCfg = Release|Any CPU
		{55376FE7-2109-4BF0-A803-3355D9BDEB3D}.Release|Any CPU.Build.0 = Release|Any CPU
		{FF195CCA-1D39-412A-8362-90D079564E5D}.Debug|Any CPU.ActiveCfg = Debug|Any CPU
		{FF195CCA-1D39-412A-8362-90D079564E5D}.Debug|Any CPU.Build.0 = Debug|Any CPU
		{FF195CCA-1D39-412A-8362-90D079564E5D}.Release|Any CPU.ActiveCfg = Release|Any CPU
		{FF195CCA-1D39-412A-8362-90D079564E5D}.Release|Any CPU.Build.0 = Release|Any CPU
	EndGlobalSection
	GlobalSection(SolutionProperties) = preSolution
		HideSolutionNode = FALSE
	EndGlobalSection
	GlobalSection(ExtensibilityGlobals) = postSolution
		SolutionGuid = {F9B23E0C-B7CC-4FDE-95AF-EE8C180C963A}
	EndGlobalSection
EndGlobal
